{
  "name": "sp-event-callout",
  "version": "1.0.0",
  "lockfileVersion": 1,
  "requires": true,
  "dependencies": {
    "core-js": {
      "version": "2.5.3",
      "resolved": "https://registry.npmjs.org/core-js/-/core-js-2.5.3.tgz",
      "integrity": "sha1-isw4NFgk8W2DZbfJtCWRaOjtYD4=",
      "dev": true
    },
    "gd-sprest": {
      "version": "2.3.4",
      "resolved": "https://registry.npmjs.org/gd-sprest/-/gd-sprest-2.3.4.tgz",
      "integrity": "sha512-3XLnRas6YiAU03FMDpDYoC+vyAbQ4X/xvgkQS5i9mOg1z4v+nbVDH311PHmGIArpKR0K2cCTdXW50BnEVQ4cJg=="
    }
  }
}
